// !$*UTF8*$!
{
	archiveVersion = 1;
	classes = {
	};
	objectVersion = 55;
	objects = {

/* Begin PBXBuildFile section */
		D7A29B5128C25D050021FEFD /* AppDelegate.swift in Sources */ = {isa = PBXBuildFile; fileRef = D7A29B5028C25D050021FEFD /* AppDelegate.swift */; };
		D7A29B5328C25D050021FEFD /* SceneDelegate.swift in Sources */ = {isa = PBXBuildFile; fileRef = D7A29B5228C25D050021FEFD /* SceneDelegate.swift */; };
		D7A29B5528C25D050021FEFD /* ViewController.swift in Sources */ = {isa = PBXBuildFile; fileRef = D7A29B5428C25D050021FEFD /* ViewController.swift */; };
		D7A29B5828C25D050021FEFD /* Main.storyboard in Resources */ = {isa = PBXBuildFile; fileRef = D7A29B5628C25D050021FEFD /* Main.storyboard */; };
		D7A29B5A28C25D060021FEFD /* Assets.xcassets in Resources */ = {isa = PBXBuildFile; fileRef = D7A29B5928C25D060021FEFD /* Assets.xcassets */; };
		D7A29B5D28C25D060021FEFD /* LaunchScreen.storyboard in Resources */ = {isa = PBXBuildFile; fileRef = D7A29B5B28C25D060021FEFD /* LaunchScreen.storyboard */; };
		D7A29B6828C25D060021FEFD /* lcTests.swift in Sources */ = {isa = PBXBuildFile; fileRef = D7A29B6728C25D060021FEFD /* lcTests.swift */; };
		D7A29B7228C25D060021FEFD /* lcUITests.swift in Sources */ = {isa = PBXBuildFile; fileRef = D7A29B7128C25D060021FEFD /* lcUITests.swift */; };
		D7A29B7428C25D060021FEFD /* lcUITestsLaunchTests.swift in Sources */ = {isa = PBXBuildFile; fileRef = D7A29B7328C25D060021FEFD /* lcUITestsLaunchTests.swift */; };
		D7A29B8128C2603A0021FEFD /* GreenViewController.swift in Sources */ = {isa = PBXBuildFile; fileRef = D7A29B8028C2603A0021FEFD /* GreenViewController.swift */; };
/* End PBXBuildFile section */

/* Begin PBXContainerItemProxy section */
		D7A29B6428C25D060021FEFD /* PBXContainerItemProxy */ = {
			isa = PBXContainerItemProxy;
			containerPortal = D7A29B4528C25D050021FEFD /* Project object */;
			proxyType = 1;
			remoteGlobalIDString = D7A29B4C28C25D050021FEFD;
			remoteInfo = lc;
		};
		D7A29B6E28C25D060021FEFD /* PBXContainerItemProxy */ = {
			isa = PBXContainerItemProxy;
			containerPortal = D7A29B4528C25D050021FEFD /* Project object */;
			proxyType = 1;
			remoteGlobalIDString = D7A29B4C28C25D050021FEFD;
			remoteInfo = lc;
		};
/* End PBXContainerItemProxy section */

/* Begin PBXFileReference section */
		D7A29B4D28C25D050021FEFD /* lc.app */ = {isa = PBXFileReference; explicitFileType = wrapper.application; includeInIndex = 0; path = lc.app; sourceTree = BUILT_PRODUCTS_DIR; };
		D7A29B5028C25D050021FEFD /* AppDelegate.swift */ = {isa = PBXFileReference; lastKnownFileType = sourcecode.swift; path = AppDelegate.swift; sourceTree = "<group>"; };
		D7A29B5228C25D050021FEFD /* SceneDelegate.swift */ = {isa = PBXFileReference; lastKnownFileType = sourcecode.swift; path = SceneDelegate.swift; sourceTree = "<group>"; };
		D7A29B5428C25D050021FEFD /* ViewController.swift */ = {isa = PBXFileReference; lastKnownFileType = sourcecode.swift; path = ViewController.swift; sourceTree = "<group>"; };
		D7A29B5728C25D050021FEFD /* Base */ = {isa = PBXFileReference; lastKnownFileType = file.storyboard; name = Base; path = Base.lproj/Main.storyboard; sourceTree = "<group>"; };
		D7A29B5928C25D060021FEFD /* Assets.xcassets */ = {isa = PBXFileReference; lastKnownFileType = folder.assetcatalog; path = Assets.xcassets; sourceTree = "<group>"; };
		D7A29B5C28C25D060021FEFD /* Base */ = {isa = PBXFileReference; lastKnownFileType = file.storyboard; name = Base; path = Base.lproj/LaunchScreen.storyboard; sourceTree = "<group>"; };
		D7A29B5E28C25D060021FEFD /* Info.plist */ = {isa = PBXFileReference; lastKnownFileType = text.plist.xml; path = Info.plist; sourceTree = "<group>"; };
		D7A29B6328C25D060021FEFD /* lcTests.xctest */ = {isa = PBXFileReference; explicitFileType = wrapper.cfbundle; includeInIndex = 0; path = lcTests.xctest; sourceTree = BUILT_PRODUCTS_DIR; };
		D7A29B6728C25D060021FEFD /* lcTests.swift */ = {isa = PBXFileReference; lastKnownFileType = sourcecode.swift; path = lcTests.swift; sourceTree = "<group>"; };
		D7A29B6D28C25D060021FEFD /* lcUITests.xctest */ = {isa = PBXFileReference; explicitFileType = wrapper.cfbundle; includeInIndex = 0; path = lcUITests.xctest; sourceTree = BUILT_PRODUCTS_DIR; };
		D7A29B7128C25D060021FEFD /* lcUITests.swift */ = {isa = PBXFileReference; lastKnownFileType = sourcecode.swift; path = lcUITests.swift; sourceTree = "<group>"; };
		D7A29B7328C25D060021FEFD /* lcUITestsLaunchTests.swift */ = {isa = PBXFileReference; lastKnownFileType = sourcecode.swift; path = lcUITestsLaunchTests.swift; sourceTree = "<group>"; };
		D7A29B8028C2603A0021FEFD /* GreenViewController.swift */ = {isa = PBXFileReference; lastKnownFileType = sourcecode.swift; path = GreenViewController.swift; sourceTree = "<group>"; };
/* End PBXFileReference section */

/* Begin PBXFrameworksBuildPhase section */
		D7A29B4A28C25D050021FEFD /* Frameworks */ = {
			isa = PBXFrameworksBuildPhase;
			buildActionMask = 2147483647;
			files = (
			);
			runOnlyForDeploymentPostprocessing = 0;
		};
		D7A29B6028C25D060021FEFD /* Frameworks */ = {
			isa = PBXFrameworksBuildPhase;
			buildActionMask = 2147483647;
			files = (
			);
			runOnlyForDeploymentPostprocessing = 0;
		};
		D7A29B6A28C25D060021FEFD /* Frameworks */ = {
			isa = PBXFrameworksBuildPhase;
			buildActionMask = 2147483647;
			files = (
			);
			runOnlyForDeploymentPostprocessing = 0;
		};
/* End PBXFrameworksBuildPhase section */

/* Begin PBXGroup section */
		D7A29B4428C25D050021FEFD = {
			isa = PBXGroup;
			children = (
				D7A29B4F28C25D050021FEFD /* lc */,
				D7A29B6628C25D060021FEFD /* lcTests */,
				D7A29B7028C25D060021FEFD /* lcUITests */,
				D7A29B4E28C25D050021FEFD /* Products */,
			);
			sourceTree = "<group>";
		};
		D7A29B4E28C25D050021FEFD /* Products */ = {
			isa = PBXGroup;
			children = (
				D7A29B4D28C25D050021FEFD /* lc.app */,
				D7A29B6328C25D060021FEFD /* lcTests.xctest */,
				D7A29B6D28C25D060021FEFD /* lcUITests.xctest */,
			);
			name = Products;
			sourceTree = "<group>";
		};
		D7A29B4F28C25D050021FEFD /* lc */ = {
			isa = PBXGroup;
			children = (
				D7A29B5028C25D050021FEFD /* AppDelegate.swift */,
				D7A29B5228C25D050021FEFD /* SceneDelegate.swift */,
				D7A29B5428C25D050021FEFD /* ViewController.swift */,
				D7A29B5628C25D050021FEFD /* Main.storyboard */,
				D7A29B8028C2603A0021FEFD /* GreenViewController.swift */,
				D7A29B5928C25D060021FEFD /* Assets.xcassets */,
				D7A29B5B28C25D060021FEFD /* LaunchScreen.storyboard */,
				D7A29B5E28C25D060021FEFD /* Info.plist */,
			);
			path = lc;
			sourceTree = "<group>";
		};
		D7A29B6628C25D060021FEFD /* lcTests */ = {
			isa = PBXGroup;
			children = (
				D7A29B6728C25D060021FEFD /* lcTests.swift */,
			);
			path = lcTests;
			sourceTree = "<group>";
		};
		D7A29B7028C25D060021FEFD /* lcUITests */ = {
			isa = PBXGroup;
			children = (
				D7A29B7128C25D060021FEFD /* lcUITests.swift */,
				D7A29B7328C25D060021FEFD /* lcUITestsLaunchTests.swift */,
			);
			path = lcUITests;
			sourceTree = "<group>";
		};
/* End PBXGroup section */

/* Begin PBXNativeTarget section */
		D7A29B4C28C25D050021FEFD /* lc */ = {
			isa = PBXNativeTarget;
			buildConfigurationList = D7A29B7728C25D060021FEFD /* Build configuration list for PBXNativeTarget "lc" */;
			buildPhases = (
				D7A29B4928C25D050021FEFD /* Sources */,
				D7A29B4A28C25D050021FEFD /* Frameworks */,
				D7A29B4B28C25D050021FEFD /* Resources */,
			);
			buildRules = (
			);
			dependencies = (
			);
			name = lc;
			productName = lc;
			productReference = D7A29B4D28C25D050021FEFD /* lc.app */;
			productType = "com.apple.product-type.application";
		};
		D7A29B6228C25D060021FEFD /* lcTests */ = {
			isa = PBXNativeTarget;
			buildConfigurationList = D7A29B7A28C25D060021FEFD /* Build configuration list for PBXNativeTarget "lcTests" */;
			buildPhases = (
				D7A29B5F28C25D060021FEFD /* Sources */,
				D7A29B6028C25D060021FEFD /* Frameworks */,
				D7A29B6128C25D060021FEFD /* Resources */,
			);
			buildRules = (
			);
			dependencies = (
				D7A29B6528C25D060021FEFD /* PBXTargetDependency */,
			);
			name = lcTests;
			productName = lcTests;
			productReference = D7A29B6328C25D060021FEFD /* lcTests.xctest */;
			productType = "com.apple.product-type.bundle.unit-test";
		};
		D7A29B6C28C25D060021FEFD /* lcUITests */ = {
			isa = PBXNativeTarget;
			buildConfigurationList = D7A29B7D28C25D060021FEFD /* Build configuration list for PBXNativeTarget "lcUITests" */;
			buildPhases = (
				D7A29B6928C25D060021FEFD /* Sources */,
				D7A29B6A28C25D060021FEFD /* Frameworks */,
				D7A29B6B28C25D060021FEFD /* Resources */,
			);
			buildRules = (
			);
			dependencies = (
				D7A29B6F28C25D060021FEFD /* PBXTargetDependency */,
			);
			name = lcUITests;
			productName = lcUITests;
			productReference = D7A29B6D28C25D060021FEFD /* lcUITests.xctest */;
			productType = "com.apple.product-type.bundle.ui-testing";
		};
/* End PBXNativeTarget section */

/* Begin PBXProject section */
		D7A29B4528C25D050021FEFD /* Project object */ = {
			isa = PBXProject;
			attributes = {
				BuildIndependentTargetsInParallel = 1;
				LastSwiftUpdateCheck = 1320;
				LastUpgradeCheck = 1320;
				TargetAttributes = {
					D7A29B4C28C25D050021FEFD = {
						CreatedOnToolsVersion = 13.2.1;
					};
					D7A29B6228C25D060021FEFD = {
						CreatedOnToolsVersion = 13.2.1;
						TestTargetID = D7A29B4C28C25D050021FEFD;
					};
					D7A29B6C28C25D060021FEFD = {
						CreatedOnToolsVersion = 13.2.1;
						TestTargetID = D7A29B4C28C25D050021FEFD;
					};
				};
			};
			buildConfigurationList = D7A29B4828C25D050021FEFD /* Build configuration list for PBXProject "lc" */;
			compatibilityVersion = "Xcode 13.0";
			developmentRegion = en;
			hasScannedForEncodings = 0;
			knownRegions = (
				en,
				Base,
			);
			mainGroup = D7A29B4428C25D050021FEFD;
			productRefGroup = D7A29B4E28C25D050021FEFD /* Products */;
			projectDirPath = "";
			projectRoot = "";
			targets = (
				D7A29B4C28C25D050021FEFD /* lc */,
				D7A29B6228C25D060021FEFD /* lcTests */,
				D7A29B6C28C25D060021FEFD /* lcUITests */,
			);
		};
/* End PBXProject section */

/* Begin PBXResourcesBuildPhase section */
		D7A29B4B28C25D050021FEFD /* Resources */ = {
			isa = PBXResourcesBuildPhase;
			buildActionMask = 2147483647;
			files = (
				D7A29B5D28C25D060021FEFD /* LaunchScreen.storyboard in Resources */,
				D7A29B5A28C25D060021FEFD /* Assets.xcassets in Resources */,
				D7A29B5828C25D050021FEFD /* Main.storyboard in Resources */,
			);
			runOnlyForDeploymentPostprocessing = 0;
		};
		D7A29B6128C25D060021FEFD /* Resources */ = {
			isa = PBXResourcesBuildPhase;
			buildActionMask = 2147483647;
			files = (
			);
			runOnlyForDeploymentPostprocessing = 0;
		};
		D7A29B6B28C25D060021FEFD /* Resources */ = {
			isa = PBXResourcesBuildPhase;
			buildActionMask = 2147483647;
			files = (
			);
			runOnlyForDeploymentPostprocessing = 0;
		};
/* End PBXResourcesBuildPhase section */

/* Begin PBXSourcesBuildPhase section */
		D7A29B4928C25D050021FEFD /* Sources */ = {
			isa = PBXSourcesBuildPhase;
			buildActionMask = 2147483647;
			files = (
				D7A29B8128C2603A0021FEFD /* GreenViewController.swift in Sources */,
				D7A29B5528C25D050021FEFD /* ViewController.swift in Sources */,
				D7A29B5128C25D050021FEFD /* AppDelegate.swift in Sources */,
				D7A29B5328C25D050021FEFD /* SceneDelegate.swift in Sources */,
			);
			runOnlyForDeploymentPostprocessing = 0;
		};
		D7A29B5F28C25D060021FEFD /* Sources */ = {
			isa = PBXSourcesBuildPhase;
			buildActionMask = 2147483647;
			files = (
				D7A29B6828C25D060021FEFD /* lcTests.swift in Sources */,
			);
			runOnlyForDeploymentPostprocessing = 0;
		};
		D7A29B6928C25D060021FEFD /* Sources */ = {
			isa = PBXSourcesBuildPhase;
			buildActionMask = 2147483647;
			files = (
				D7A29B7228C25D060021FEFD /* lcUITests.swift in Sources */,
				D7A29B7428C25D060021FEFD /* lcUITestsLaunchTests.swift in Sources */,
			);
			runOnlyForDeploymentPostprocessing = 0;
		};
/* End PBXSourcesBuildPhase section */

/* Begin PBXTargetDependency section */
		D7A29B6528C25D060021FEFD /* PBXTargetDependency */ = {
			isa = PBXTargetDependency;
			target = D7A29B4C28C25D050021FEFD /* lc */;
			targetProxy = D7A29B6428C25D060021FEFD /* PBXContainerItemProxy */;
		};
		D7A29B6F28C25D060021FEFD /* PBXTargetDependency */ = {
			isa = PBXTargetDependency;
			target = D7A29B4C28C25D050021FEFD /* lc */;
			targetProxy = D7A29B6E28C25D060021FEFD /* PBXContainerItemProxy */;
		};
/* End PBXTargetDependency section */

/* Begin PBXVariantGroup section */
		D7A29B5628C25D050021FEFD /* Main.storyboard */ = {
			isa = PBXVariantGroup;
			children = (
				D7A29B5728C25D050021FEFD /* Base */,
			);
			name = Main.storyboard;
			sourceTree = "<group>";
		};
		D7A29B5B28C25D060021FEFD /* LaunchScreen.storyboard */ = {
			isa = PBXVariantGroup;
			children = (
				D7A29B5C28C25D060021FEFD /* Base */,
			);
			name = LaunchScreen.storyboard;
			sourceTree = "<group>";
		};
/* End PBXVariantGroup section */

/* Begin XCBuildConfiguration section */
		D7A29B7528C25D060021FEFD /* Debug */ = {
			isa = XCBuildConfiguration;
			buildSettings = {
				ALWAYS_SEARCH_USER_PATHS = NO;
				CLANG_ANALYZER_NONNULL = YES;
				CLANG_ANALYZER_NUMBER_OBJECT_CONVERSION = YES_AGGRESSIVE;
				CLANG_CXX_LANGUAGE_STANDARD = "gnu++17";
				CLANG_CXX_LIBRARY = "libc++";
				CLANG_ENABLE_MODULES = YES;
				CLANG_ENABLE_OBJC_ARC = YES;
				CLANG_ENABLE_OBJC_WEAK = YES;
				CLANG_WARN_BLOCK_CAPTURE_AUTORELEASING = YES;
				CLANG_WARN_BOOL_CONVERSION = YES;
				CLANG_WARN_COMMA = YES;
				CLANG_WARN_CONSTANT_CONVERSION = YES;
				CLANG_WARN_DEPRECATED_OBJC_IMPLEMENTATIONS = YES;
				CLANG_WARN_DIRECT_OBJC_ISA_USAGE = YES_ERROR;
				CLANG_WARN_DOCUMENTATION_COMMENTS = YES;
				CLANG_WARN_EMPTY_BODY = YES;
				CLANG_WARN_ENUM_CONVERSION = YES;
				CLANG_WARN_INFINITE_RECURSION = YES;
				CLANG_WARN_INT_CONVERSION = YES;
				CLANG_WARN_NON_LITERAL_NULL_CONVERSION = YES;
				CLANG_WARN_OBJC_IMPLICIT_RETAIN_SELF = YES;
				CLANG_WARN_OBJC_LITERAL_CONVERSION = YES;
				CLANG_WARN_OBJC_ROOT_CLASS = YES_ERROR;
				CLANG_WARN_QUOTED_INCLUDE_IN_FRAMEWORK_HEADER = YES;
				CLANG_WARN_RANGE_LOOP_ANALYSIS = YES;
				CLANG_WARN_STRICT_PROTOTYPES = YES;
				CLANG_WARN_SUSPICIOUS_MOVE = YES;
				CLANG_WARN_UNGUARDED_AVAILABILITY = YES_AGGRESSIVE;
				CLANG_WARN_UNREACHABLE_CODE = YES;
				CLANG_WARN__DUPLICATE_METHOD_MATCH = YES;
				COPY_PHASE_STRIP = NO;
				DEBUG_INFORMATION_FORMAT = dwarf;
				ENABLE_STRICT_OBJC_MSGSEND = YES;
				ENABLE_TESTABILITY = YES;
				GCC_C_LANGUAGE_STANDARD = gnu11;
				GCC_DYNAMIC_NO_PIC = NO;
				GCC_NO_COMMON_BLOCKS = YES;
				GCC_OPTIMIZATION_LEVEL = 0;
				GCC_PREPROCESSOR_DEFINITIONS = (
					"DEBUG=1",
					"$(inherited)",
				);
				GCC_WARN_64_TO_32_BIT_CONVERSION = YES;
				GCC_WARN_ABOUT_RETURN_TYPE = YES_ERROR;
				GCC_WARN_UNDECLARED_SELECTOR = YES;
				GCC_WARN_UNINITIALIZED_AUTOS = YES_AGGRESSIVE;
				GCC_WARN_UNUSED_FUNCTION = YES;
				GCC_WARN_UNUSED_VARIABLE = YES;
				IPHONEOS_DEPLOYMENT_TARGET = 15.2;
				MTL_ENABLE_DEBUG_INFO = INCLUDE_SOURCE;
				MTL_FAST_MATH = YES;
				ONLY_ACTIVE_ARCH = YES;
				SDKROOT = iphoneos;
				SWIFT_ACTIVE_COMPILATION_CONDITIONS = DEBUG;
				SWIFT_OPTIMIZATION_LEVEL = "-Onone";
			};
			name = Debug;
		};
		D7A29B7628C25D060021FEFD /* Release */ = {
			isa = XCBuildConfiguration;
			buildSettings = {
				ALWAYS_SEARCH_USER_PATHS = NO;
				CLANG_ANALYZER_NONNULL = YES;
				CLANG_ANALYZER_NUMBER_OBJECT_CONVERSION = YES_AGGRESSIVE;
				CLANG_CXX_LANGUAGE_STANDARD = "gnu++17";
				CLANG_CXX_LIBRARY = "libc++";
				CLANG_ENABLE_MODULES = YES;
				CLANG_ENABLE_OBJC_ARC = YES;
				CLANG_ENABLE_OBJC_WEAK = YES;
				CLANG_WARN_BLOCK_CAPTURE_AUTORELEASING = YES;
				CLANG_WARN_BOOL_CONVERSION = YES;
				CLANG_WARN_COMMA = YES;
				CLANG_WARN_CONSTANT_CONVERSION = YES;
				CLANG_WARN_DEPRECATED_OBJC_IMPLEMENTATIONS = YES;
				CLANG_WARN_DIRECT_OBJC_ISA_USAGE = YES_ERROR;
				CLANG_WARN_DOCUMENTATION_COMMENTS = YES;
				CLANG_WARN_EMPTY_BODY = YES;
				CLANG_WARN_ENUM_CONVERSION = YES;
				CLANG_WARN_INFINITE_RECURSION = YES;
				CLANG_WARN_INT_CONVERSION = YES;
				CLANG_WARN_NON_LITERAL_NULL_CONVERSION = YES;
				CLANG_WARN_OBJC_IMPLICIT_RETAIN_SELF = YES;
				CLANG_WARN_OBJC_LITERAL_CONVERSION = YES;
				CLANG_WARN_OBJC_ROOT_CLASS = YES_ERROR;
				CLANG_WARN_QUOTED_INCLUDE_IN_FRAMEWORK_HEADER = YES;
				CLANG_WARN_RANGE_LOOP_ANALYSIS = YES;
				CLANG_WARN_STRICT_PROTOTYPES = YES;
				CLANG_WARN_SUSPICIOUS_MOVE = YES;
				CLANG_WARN_UNGUARDED_AVAILABILITY = YES_AGGRESSIVE;
				CLANG_WARN_UNREACHABLE_CODE = YES;
				CLANG_WARN__DUPLICATE_METHOD_MATCH = YES;
				COPY_PHASE_STRIP = NO;
				DEBUG_INFORMATION_FORMAT = "dwarf-with-dsym";
				ENABLE_NS_ASSERTIONS = NO;
				ENABLE_STRICT_OBJC_MSGSEND = YES;
				GCC_C_LANGUAGE_STANDARD = gnu11;
				GCC_NO_COMMON_BLOCKS = YES;
				GCC_WARN_64_TO_32_BIT_CONVERSION = YES;
				GCC_WARN_ABOUT_RETURN_TYPE = YES_ERROR;
				GCC_WARN_UNDECLARED_SELECTOR = YES;
				GCC_WARN_UNINITIALIZED_AUTOS = YES_AGGRESSIVE;
				GCC_WARN_UNUSED_FUNCTION = YES;
				GCC_WARN_UNUSED_VARIABLE = YES;
				IPHONEOS_DEPLOYMENT_TARGET = 15.2;
				MTL_ENABLE_DEBUG_INFO = NO;
				MTL_FAST_MATH = YES;
				SDKROOT = iphoneos;
				SWIFT_COMPILATION_MODE = wholemodule;
				SWIFT_OPTIMIZATION_LEVEL = "-O";
				VALIDATE_PRODUCT = YES;
			};
			name = Release;
		};
		D7A29B7828C25D060021FEFD /* Debug */ = {
			isa = XCBuildConfiguration;
			buildSettings = {
				ASSETCATALOG_COMPILER_APPICON_NAME = AppIcon;
				ASSETCATALOG_COMPILER_GLOBAL_ACCENT_COLOR_NAME = AccentColor;
				CODE_SIGN_STYLE = Automatic;
				CURRENT_PROJECT_VERSION = 1;
				GENERATE_INFOPLIST_FILE = YES;
				INFOPLIST_FILE = lc/Info.plist;
				INFOPLIST_KEY_UIApplicationSupportsIndirectInputEvents = YES;
				INFOPLIST_KEY_UILaunchStoryboardName = LaunchScreen;
				INFOPLIST_KEY_UIMainStoryboardFile = Main;
				INFOPLIST_KEY_UISupportedInterfaceOrientations_iPad = "UIInterfaceOrientationPortrait UIInterfaceOrientationPortraitUpsideDown UIInterfaceOrientationLandscapeLeft UIInterfaceOrientationLandscapeRight";
				INFOPLIST_KEY_UISupportedInterfaceOrientations_iPhone = "UIInterfaceOrientationPortrait UIInterfaceOrientationLandscapeLeft UIInterfaceOrientationLandscapeRight";
				LD_RUNPATH_SEARCH_PATHS = (
					"$(inherited)",
					"@executable_path/Frameworks",
				);
				MARKETING_VERSION = 1.0;
				PRODUCT_BUNDLE_IDENTIFIER = jayesh.rajole.lc;
				PRODUCT_NAME = "$(TARGET_NAME)";
				SWIFT_EMIT_LOC_STRINGS = YES;
				SWIFT_VERSION = 5.0;
				TARGETED_DEVICE_FAMILY = "1,2";
			};
			name = Debug;
		};
		D7A29B7928C25D060021FEFD /* Release */ = {
			isa = XCBuildConfiguration;
			buildSettings = {
				ASSETCATALOG_COMPILER_APPICON_NAME = AppIcon;
				ASSETCATALOG_COMPILER_GLOBAL_ACCENT_COLOR_NAME = AccentColor;
				CODE_SIGN_STYLE = Automatic;
				CURRENT_PROJECT_VERSION = 1;
				GENERATE_INFOPLIST_FILE = YES;
				INFOPLIST_FILE = lc/Info.plist;
				INFOPLIST_KEY_UIApplicationSupportsIndirectInputEvents = YES;
				INFOPLIST_KEY_UILaunchStoryboardName = LaunchScreen;
				INFOPLIST_KEY_UIMainStoryboardFile = Main;
				INFOPLIST_KEY_UISupportedInterfaceOrientations_iPad = "UIInterfaceOrientationPortrait UIInterfaceOrientationPortraitUpsideDown UIInterfaceOrientationLandscapeLeft UIInterfaceOrientationLandscapeRight";
				INFOPLIST_KEY_UISupportedInterfaceOrientations_iPhone = "UIInterfaceOrientationPortrait UIInterfaceOrientationLandscapeLeft UIInterfaceOrientationLandscapeRight";
				LD_RUNPATH_SEARCH_PATHS = (
					"$(inherited)",
					"@executable_path/Frameworks",
				);
				MARKETING_VERSION = 1.0;
				PRODUCT_BUNDLE_IDENTIFIER = jayesh.rajole.lc;
				PRODUCT_NAME = "$(TARGET_NAME)";
				SWIFT_EMIT_LOC_STRINGS = YES;
				SWIFT_VERSION = 5.0;
				TARGETED_DEVICE_FAMILY = "1,2";
			};
			name = Release;
		};
		D7A29B7B28C25D060021FEFD /* Debug */ = {
			isa = XCBuildConfiguration;
			buildSettings = {
				ALWAYS_EMBED_SWIFT_STANDARD_LIBRARIES = YES;
				BUNDLE_LOADER = "$(TEST_HOST)";
				CODE_SIGN_STYLE = Automatic;
				CURRENT_PROJECT_VERSION = 1;
				GENERATE_INFOPLIST_FILE = YES;
				IPHONEOS_DEPLOYMENT_TARGET = 15.2;
				MARKETING_VERSION = 1.0;
				PRODUCT_BUNDLE_IDENTIFIER = jayesh.rajole.lcTests;
				PRODUCT_NAME = "$(TARGET_NAME)";
				SWIFT_EMIT_LOC_STRINGS = NO;
				SWIFT_VERSION = 5.0;
				TARGETED_DEVICE_FAMILY = "1,2";
				TEST_HOST = "$(BUILT_PRODUCTS_DIR)/lc.app/lc";
			};
			name = Debug;
		};
		D7A29B7C28C25D060021FEFD /* Release */ = {
			isa = XCBuildConfiguration;
			buildSettings = {
				ALWAYS_EMBED_SWIFT_STANDARD_LIBRARIES = YES;
				BUNDLE_LOADER = "$(TEST_HOST)";
				CODE_SIGN_STYLE = Automatic;
				CURRENT_PROJECT_VERSION = 1;
				GENERATE_INFOPLIST_FILE = YES;
				IPHONEOS_DEPLOYMENT_TARGET = 15.2;
				MARKETING_VERSION = 1.0;
				PRODUCT_BUNDLE_IDENTIFIER = jayesh.rajole.lcTests;
				PRODUCT_NAME = "$(TARGET_NAME)";
				SWIFT_EMIT_LOC_STRINGS = NO;
				SWIFT_VERSION = 5.0;
				TARGETED_DEVICE_FAMILY = "1,2";
				TEST_HOST = "$(BUILT_PRODUCTS_DIR)/lc.app/lc";
			};
			name = Release;
		};
		D7A29B7E28C25D060021FEFD /* Debug */ = {
			isa = XCBuildConfiguration;
			buildSettings = {
				ALWAYS_EMBED_SWIFT_STANDARD_LIBRARIES = YES;
				CODE_SIGN_STYLE = Automatic;
				CURRENT_PROJECT_VERSION = 1;
				GENERATE_INFOPLIST_FILE = YES;
				MARKETING_VERSION = 1.0;
				PRODUCT_BUNDLE_IDENTIFIER = jayesh.rajole.lcUITests;
				PRODUCT_NAME = "$(TARGET_NAME)";
				SWIFT_EMIT_LOC_STRINGS = NO;
				SWIFT_VERSION = 5.0;
				TARGETED_DEVICE_FAMILY = "1,2";
				TEST_TARGET_NAME = lc;
			};
			name = Debug;
		};
		D7A29B7F28C25D060021FEFD /* Release */ = {
			isa = XCBuildConfiguration;
			buildSettings = {
				ALWAYS_EMBED_SWIFT_STANDARD_LIBRARIES = YES;
				CODE_SIGN_STYLE = Automatic;
				CURRENT_PROJECT_VERSION = 1;
				GENERATE_INFOPLIST_FILE = YES;
				MARKETING_VERSION = 1.0;
				PRODUCT_BUNDLE_IDENTIFIER = jayesh.rajole.lcUITests;
				PRODUCT_NAME = "$(TARGET_NAME)";
				SWIFT_EMIT_LOC_STRINGS = NO;
				SWIFT_VERSION = 5.0;
				TARGETED_DEVICE_FAMILY = "1,2";
				TEST_TARGET_NAME = lc;
			};
			name = Release;
		};
/* End XCBuildConfiguration section */

/* Begin XCConfigurationList section */
		D7A29B4828C25D050021FEFD /* Build configuration list for PBXProject "lc" */ = {
			isa = XCConfigurationList;
			buildConfigurations = (
				D7A29B7528C25D060021FEFD /* Debug */,
				D7A29B7628C25D060021FEFD /* Release */,
			);
			defaultConfigurationIsVisible = 0;
			defaultConfigurationName = Release;
		};
		D7A29B7728C25D060021FEFD /* Build configuration list for PBXNativeTarget "lc" */ = {
			isa = XCConfigurationList;
			buildConfigurations = (
				D7A29B7828C25D060021FEFD /* Debug */,
				D7A29B7928C25D060021FEFD /* Release */,
			);
			defaultConfigurationIsVisible = 0;
			defaultConfigurationName = Release;
		};
		D7A29B7A28C25D060021FEFD /* Build configuration list for PBXNativeTarget "lcTests" */ = {
			isa = XCConfigurationList;
			buildConfigurations = (
				D7A29B7B28C25D060021FEFD /* Debug */,
				D7A29B7C28C25D060021FEFD /* Release */,
			);
			defaultConfigurationIsVisible = 0;
			defaultConfigurationName = Release;
		};
		D7A29B7D28C25D060021FEFD /* Build configuration list for PBXNativeTarget "lcUITests" */ = {
			isa = XCConfigurationList;
			buildConfigurations = (
				D7A29B7E28C25D060021FEFD /* Debug */,
				D7A29B7F28C25D060021FEFD /* Release */,
			);
			defaultConfigurationIsVisible = 0;
			defaultConfigurationName = Release;
		};
/* End XCConfigurationList section */
	};
	rootObject = D7A29B4528C25D050021FEFD /* Project object */;
}
